
Microsoft Visual Studio Solution File, Format Version 12.00
# Visual Studio 14
VisualStudioVersion = 14.0.25420.1
MinimumVisualStudioVersion = 10.0.40219.1
Project("{FAE04EC0-301F-11D3-BF4B-00C04F79EFBC}") = "NgApplication", "NgApplication\NgApplication.csproj", "{4C60C11C-60AF-4703-8745-DE25B335E507}"
EndProject
Project("{FAE04EC0-301F-11D3-BF4B-00C04F79EFBC}") = "NgApplication.Tests", "NgApplication.Tests\NgApplication.Tests.csproj", "{E0AB246F-68B8-4A43-A8A4-DB0EB52F1918}"
EndProject
Global
	GlobalSection(SolutionConfigurationPlatforms) = preSolution
		Debug|Any CPU = Debug|Any CPU
		Release|Any CPU = Release|Any CPU
	EndGlobalSection
	GlobalSection(ProjectConfigurationPlatforms) = postSolution
		{4C60C11C-60AF-4703-8745-DE25B335E507}.Debug|Any CPU.ActiveCfg = Debug|Any CPU
		{4C60C11C-60AF-4703-8745-DE25B335E507}.Debug|Any CPU.Build.0 = Debug|Any CPU
		{4C60C11C-60AF-4703-8745-DE25B335E507}.Release|Any CPU.ActiveCfg = Release|Any CPU
		{4C60C11C-60AF-4703-8745-DE25B335E507}.Release|Any CPU.Build.0 = Release|Any CPU
		{E0AB246F-68B8-4A43-A8A4-DB0EB52F1918}.Debug|Any CPU.ActiveCfg = Debug|Any CPU
		{E0AB246F-68B8-4A43-A8A4-DB0EB52F1918}.Debug|Any CPU.Build.0 = Debug|Any CPU
		{E0AB246F-68B8-4A43-A8A4-DB0EB52F1918}.Release|Any CPU.ActiveCfg = Release|Any CPU
		{E0AB246F-68B8-4A43-A8A4-DB0EB52F1918}.Release|Any CPU.Build.0 = Release|Any CPU
	EndGlobalSection
	GlobalSection(SolutionProperties) = preSolution
		HideSolutionNode = FALSE
	EndGlobalSection
EndGlobal
